
Microsoft Visual Studio Solution File, Format Version 12.00
# Visual Studio Version 16
VisualStudioVersion = 16.0.31911.196
MinimumVisualStudioVersion = 10.0.40219.1
Project("{FAE04EC0-301F-11D3-BF4B-00C04F79EFBC}") = "Hospital", "Hospital\Hospital.csproj", "{917525C3-69DA-409B-B085-23BC209A8D47}"
EndProject
Global
	GlobalSection(SolutionConfigurationPlatforms) = preSolution
		Debug|Any CPU = Debug|Any CPU
		Release|Any CPU = Release|Any CPU
	EndGlobalSection
	GlobalSection(ProjectConfigurationPlatforms) = postSolution
		{917525C3-69DA-409B-B085-23BC209A8D47}.Debug|Any CPU.ActiveCfg = Debug|Any CPU
		{917525C3-69DA-409B-B085-23BC209A8D47}.Debug|Any CPU.Build.0 = Debug|Any CPU
		{917525C3-69DA-409B-B085-23BC209A8D47}.Release|Any CPU.ActiveCfg = Release|Any CPU
		{917525C3-69DA-409B-B085-23BC209A8D47}.Release|Any CPU.Build.0 = Release|Any CPU
	EndGlobalSection
	GlobalSection(SolutionProperties) = preSolution
		HideSolutionNode = FALSE
	EndGlobalSection
	GlobalSection(ExtensibilityGlobals) = postSolution
		SolutionGuid = {4D96EAB6-1DA4-44A2-AD51-F3271C3B5D91}
	EndGlobalSection
EndGlobal
